{
  "requires": true,
  "lockfileVersion": 1,
  "dependencies": {
    "@material/animation": {
      "version": "5.0.0-canary.a1a0deb3e.0",
      "resolved": "https://registry.npmjs.org/@material/animation/-/animation-5.0.0-canary.a1a0deb3e.0.tgz",
      "integrity": "sha512-oaKR/PcDaNTFRNPAH44wVg/8O0IKst+ckaSVbv5t6fRqNBUhPwBxUmjIqJTI0aeL5RLQaRp9h9jMZVz0YLqmVw==",
      "requires": {
        "tslib": "^1.9.3"
      }
    },
    "@material/base": {
      "version": "5.0.0-canary.a1a0deb3e.0",
      "resolved": "https://registry.npmjs.org/@material/base/-/base-5.0.0-canary.a1a0deb3e.0.tgz",
      "integrity": "sha512-l3MMqLNdzv67EVjBZi33vDlrhU+mzHn6OzaiaX9Q08WS+tX5Co1WfdQtHhcYEPslS5aYv6kaU9FQL96Hb6fbpw==",
      "requires": {
        "tslib": "^1.9.3"
      }
    },
    "@material/checkbox": {
      "version": "5.0.0-canary.a1a0deb3e.0",
      "resolved": "https://registry.npmjs.org/@material/checkbox/-/checkbox-5.0.0-canary.a1a0deb3e.0.tgz",
      "integrity": "sha512-9ISLxNBVwWZSpjotMXaoVM7dO9AMWudON+DcxtZ5Gn8+zniv5H+I7SS0Elr0vFRX3GtFVfIrLm2UH/D6eoQR0w==",
      "requires": {
        "@material/animation": "5.0.0-canary.a1a0deb3e.0",
        "@material/base": "5.0.0-canary.a1a0deb3e.0",
        "@material/density": "5.0.0-canary.a1a0deb3e.0",
        "@material/dom": "5.0.0-canary.a1a0deb3e.0",
        "@material/feature-targeting": "5.0.0-canary.a1a0deb3e.0",
        "@material/ripple": "5.0.0-canary.a1a0deb3e.0",
        "@material/theme": "5.0.0-canary.a1a0deb3e.0",
        "@material/touch-target": "5.0.0-canary.a1a0deb3e.0",
        "tslib": "^1.9.3"
      }
    },
    "@material/density": {
      "version": "5.0.0-canary.a1a0deb3e.0",
      "resolved": "https://registry.npmjs.org/@material/density/-/density-5.0.0-canary.a1a0deb3e.0.tgz",
      "integrity": "sha512-fiveGGId+X0XXdV7FpENhJzRu2GBslybJlMB7cEGJvMC0BXZmqaSJlIrAy8zse69jfPtLuIuSzFLD/hQ8L2y+Q=="
    },
    "@material/dom": {
      "version": "5.0.0-canary.a1a0deb3e.0",
      "resolved": "https://registry.npmjs.org/@material/dom/-/dom-5.0.0-canary.a1a0deb3e.0.tgz",
      "integrity": "sha512-jd/Y/nS+Op93EEDm59K9r8x0MJtzSKXXCxyviXfO/tqz6tsoLeghTIPlmEbYohwjV6m+bK2mfpMBOQ7Ryr2fHg==",
      "requires": {
        "tslib": "^1.9.3"
      }
    },
    "@material/feature-targeting": {
      "version": "5.0.0-canary.a1a0deb3e.0",
      "resolved": "https://registry.npmjs.org/@material/feature-targeting/-/feature-targeting-5.0.0-canary.a1a0deb3e.0.tgz",
      "integrity": "sha512-TP1vvgH2ydFZwuKT2uWgv9ZC4E00J4qTqpVw1cpH2SiAd8V1dkEC9Kz6q8bY6k/6j+dK0Kl0vqHvjz2AL+2HZw=="
    },
    "@material/list": {
      "version": "5.0.0-canary.a1a0deb3e.0",
      "resolved": "https://registry.npmjs.org/@material/list/-/list-5.0.0-canary.a1a0deb3e.0.tgz",
      "integrity": "sha512-9+Xn17SspJCvG7xVQZS6hWlCpsl8NqkbkCLsufmruSInm0hZ8QmBITvbF1pXdSOo+TyK3ubppFEaznqovwMfwA==",
      "requires": {
        "@material/base": "5.0.0-canary.a1a0deb3e.0",
        "@material/density": "5.0.0-canary.a1a0deb3e.0",
        "@material/dom": "5.0.0-canary.a1a0deb3e.0",
        "@material/feature-targeting": "5.0.0-canary.a1a0deb3e.0",
        "@material/ripple": "5.0.0-canary.a1a0deb3e.0",
        "@material/rtl": "5.0.0-canary.a1a0deb3e.0",
        "@material/shape": "5.0.0-canary.a1a0deb3e.0",
        "@material/theme": "5.0.0-canary.a1a0deb3e.0",
        "@material/typography": "5.0.0-canary.a1a0deb3e.0",
        "tslib": "^1.9.3"
      }
    },
    "@material/mwc-base": {
      "version": "0.13.0",
      "resolved": "https://registry.npmjs.org/@material/mwc-base/-/mwc-base-0.13.0.tgz",
      "integrity": "sha512-r9TT6pz5JafRNaljwrDku/UifFNGl/htZ+o9NNfO8v+z/qqGMBFzz3xS2Neim27Qb5yiSS3uKrfdwWAymj8XDg==",
      "requires": {
        "@material/base": "=5.0.0-canary.a1a0deb3e.0",
        "@material/dom": "=5.0.0-canary.a1a0deb3e.0",
        "@material/ripple": "=5.0.0-canary.a1a0deb3e.0",
        "lit-element": "^2.2.1",
        "tslib": "^1.10.0"
      }
    },
    "@material/mwc-checkbox": {
      "version": "0.13.0",
      "resolved": "https://registry.npmjs.org/@material/mwc-checkbox/-/mwc-checkbox-0.13.0.tgz",
      "integrity": "sha512-HCtTBos/iQqmukkNJggM4WWWmsZ4z4nm8VVNu+VxfMX0KYivIMfml6SZZZR/kT7MutRRn+E7TiROPV9aFIQvSA==",
      "requires": {
        "@material/checkbox": "=5.0.0-canary.a1a0deb3e.0",
        "@material/mwc-base": "^0.13.0",
        "@material/mwc-ripple": "^0.13.0",
        "lit-element": "^2.2.1",
        "tslib": "^1.10.0"
      }
    },
    "@material/mwc-list": {
      "version": "0.13.0",
      "resolved": "https://registry.npmjs.org/@material/mwc-list/-/mwc-list-0.13.0.tgz",
      "integrity": "sha512-wccYa5svBh68xz93osil9ZWItUt219idbX0a41MMXZmgm3esGXuGG4kH9hn14opKrhK4HgYfpFml3yt0Jlx/hQ==",
      "requires": {
        "@material/list": "=5.0.0-canary.a1a0deb3e.0",
        "@material/mwc-base": "^0.13.0",
        "@material/mwc-checkbox": "^0.13.0",
        "@material/mwc-radio": "^0.13.0",
        "lit-element": "^2.2.1",
        "lit-html": "^1.1.2",
        "tslib": "^1.10.0"
      }
    },
    "@material/mwc-radio": {
      "version": "0.13.0",
      "resolved": "https://registry.npmjs.org/@material/mwc-radio/-/mwc-radio-0.13.0.tgz",
      "integrity": "sha512-4UbgDWZmIAbLb2O+6g4yTa7sNFObmROmnGehN/CSjLQj+sR29oA6kN1OCWQUwzGPiAYJ7dLkChNwJQNGZTRueQ==",
      "requires": {
        "@material/mwc-base": "^0.13.0",
        "@material/mwc-ripple": "^0.13.0",
        "@material/radio": "=5.0.0-canary.a1a0deb3e.0",
        "lit-element": "^2.2.1",
        "tslib": "^1.10.0"
      }
    },
    "@material/mwc-ripple": {
      "version": "0.13.0",
      "resolved": "https://registry.npmjs.org/@material/mwc-ripple/-/mwc-ripple-0.13.0.tgz",
      "integrity": "sha512-c4UWmoAkareL5BCcitJDw/H2+DafTgxw7XuRYQYw/WOPIXD3ILraBydHs/ukapgYa9lRCpP77mOBDTyAMZeEMA==",
      "requires": {
        "@material/dom": "=5.0.0-canary.a1a0deb3e.0",
        "@material/mwc-base": "^0.13.0",
        "@material/ripple": "=5.0.0-canary.a1a0deb3e.0",
        "lit-element": "^2.2.1",
        "lit-html": "^1.1.2",
        "tslib": "^1.10.0"
      }
    },
    "@material/radio": {
      "version": "5.0.0-canary.a1a0deb3e.0",
      "resolved": "https://registry.npmjs.org/@material/radio/-/radio-5.0.0-canary.a1a0deb3e.0.tgz",
      "integrity": "sha512-onOaQGf7krcs1YBfblZl4xEz71kSpuToW9mulgdS1lwu4GuRPvL7HiPQh1OTKzXjXfskQ74dplMd13FVHqv2Bg==",
      "requires": {
        "@material/animation": "5.0.0-canary.a1a0deb3e.0",
        "@material/base": "5.0.0-canary.a1a0deb3e.0",
        "@material/density": "5.0.0-canary.a1a0deb3e.0",
        "@material/dom": "5.0.0-canary.a1a0deb3e.0",
        "@material/feature-targeting": "5.0.0-canary.a1a0deb3e.0",
        "@material/ripple": "5.0.0-canary.a1a0deb3e.0",
        "@material/theme": "5.0.0-canary.a1a0deb3e.0",
        "@material/touch-target": "5.0.0-canary.a1a0deb3e.0",
        "tslib": "^1.9.3"
      }
    },
    "@material/ripple": {
      "version": "5.0.0-canary.a1a0deb3e.0",
      "resolved": "https://registry.npmjs.org/@material/ripple/-/ripple-5.0.0-canary.a1a0deb3e.0.tgz",
      "integrity": "sha512-usvhMW+DWWDz+P63aoPb0ZqGknh6gJlZvEVpt/uUd3v2X64wEWFMmhITOTwLQcoYzVJNEQaOlzRroiALn+n6XA==",
      "requires": {
        "@material/animation": "5.0.0-canary.a1a0deb3e.0",
        "@material/base": "5.0.0-canary.a1a0deb3e.0",
        "@material/dom": "5.0.0-canary.a1a0deb3e.0",
        "@material/feature-targeting": "5.0.0-canary.a1a0deb3e.0",
        "@material/theme": "5.0.0-canary.a1a0deb3e.0",
        "tslib": "^1.9.3"
      }
    },
    "@material/rtl": {
      "version": "5.0.0-canary.a1a0deb3e.0",
      "resolved": "https://registry.npmjs.org/@material/rtl/-/rtl-5.0.0-canary.a1a0deb3e.0.tgz",
      "integrity": "sha512-twGx2x5Gl6hc8ap2kyPDrh7thWsANYEEsHB7LF5Y/U6/bJQDY+egnuqUtFD86+zNH+hIhM5JpBTMIqmoQev0pw=="
    },
    "@material/shape": {
      "version": "5.0.0-canary.a1a0deb3e.0",
      "resolved": "https://registry.npmjs.org/@material/shape/-/shape-5.0.0-canary.a1a0deb3e.0.tgz",
      "integrity": "sha512-BcZ9fDjdmpZ1DxVfuK3q0OQ5ocizL5+p3Zk4bx2l5eyTCqOs/v1A5SQaTTBz6Lg/7isNaAvLKmEpRA4Gm+/AaQ==",
      "requires": {
        "@material/feature-targeting": "5.0.0-canary.a1a0deb3e.0",
        "@material/rtl": "5.0.0-canary.a1a0deb3e.0"
      }
    },
    "@material/theme": {
      "version": "5.0.0-canary.a1a0deb3e.0",
      "resolved": "https://registry.npmjs.org/@material/theme/-/theme-5.0.0-canary.a1a0deb3e.0.tgz",
      "integrity": "sha512-WaczeQGrqZtflSEBK0XfuLbdzAoGr3VedarLEM3k+B2kfMzUU3f2hswXKawNQPW1W6oJ2u8CHHwqoGYZgkP03Q==",
      "requires": {
        "@material/feature-targeting": "5.0.0-canary.a1a0deb3e.0"
      }
    },
    "@material/touch-target": {
      "version": "5.0.0-canary.a1a0deb3e.0",
      "resolved": "https://registry.npmjs.org/@material/touch-target/-/touch-target-5.0.0-canary.a1a0deb3e.0.tgz",
      "integrity": "sha512-Tu3e7OR1F2jSrgrWSGwhJpI0ICn2T8dJcSNYEWPaYbo2iULsi4HKIfDivCZys0jVAwGQVV6xmwVhLB5hPZq7Ag==",
      "requires": {
        "@material/base": "5.0.0-canary.a1a0deb3e.0",
        "@material/feature-targeting": "5.0.0-canary.a1a0deb3e.0"
      }
    },
    "@material/typography": {
      "version": "5.0.0-canary.a1a0deb3e.0",
      "resolved": "https://registry.npmjs.org/@material/typography/-/typography-5.0.0-canary.a1a0deb3e.0.tgz",
      "integrity": "sha512-t7ZOFsFzf6v25XU7fg5cL3IKuDqm1ZqcMpurYZHjekH4TeRvcWjX7AupZ97dIyBuW9BiDHpsIYI94T0E+MQMpA==",
      "requires": {
        "@material/feature-targeting": "5.0.0-canary.a1a0deb3e.0"
      }
    },
    "lit-element": {
      "version": "2.2.1",
      "resolved": "https://registry.npmjs.org/lit-element/-/lit-element-2.2.1.tgz",
      "integrity": "sha512-ipDcgQ1EpW6Va2Z6dWm79jYdimVepO5GL0eYkZrFvdr0OD/1N260Q9DH+K5HXHFrRoC7dOg+ZpED2XE0TgGdXw==",
      "requires": {
        "lit-html": "^1.0.0"
      }
    },
    "lit-html": {
      "version": "1.1.2",
      "resolved": "https://registry.npmjs.org/lit-html/-/lit-html-1.1.2.tgz",
      "integrity": "sha512-FFlUMKHKi+qG1x1iHNZ1hrtc/zHmfYTyrSvs3/wBTvaNtpZjOZGWzU7efGYVpgp6KvWeKF6ql9/KsCq6Z/mEDA=="
    },
    "tslib": {
      "version": "1.11.0",
      "resolved": "https://registry.npmjs.org/tslib/-/tslib-1.11.0.tgz",
      "integrity": "sha512-BmndXUtiTn/VDDrJzQE7Mm22Ix3PxgLltW9bSNLoeCY31gnG2OPx0QqJnuc9oMIKioYrz487i6K9o4Pdn0j+Kg=="
    }
  }
}
